
Microsoft Visual Studio Solution File, Format Version 12.00
# Visual Studio Version 16
VisualStudioVersion = 16.0.30611.23
MinimumVisualStudioVersion = 10.0.40219.1
Project("{8BC9CEB8-8B4A-11D0-8D11-00A0C91BC942}") = "Server", "Server.vcxproj", "{381C0CD1-7EF8-4624-A2EC-2F0DE3390BD5}"
EndProject
Global
	GlobalSection(SolutionConfigurationPlatforms) = preSolution
		Debug|x64 = Debug|x64
		Debug|x86 = Debug|x86
		Release|x64 = Release|x64
		Release|x86 = Release|x86
	EndGlobalSection
	GlobalSection(ProjectConfigurationPlatforms) = postSolution
		{381C0CD1-7EF8-4624-A2EC-2F0DE3390BD5}.Debug|x64.ActiveCfg = Debug|x64
		{381C0CD1-7EF8-4624-A2EC-2F0DE3390BD5}.Debug|x64.Build.0 = Debug|x64
		{381C0CD1-7EF8-4624-A2EC-2F0DE3390BD5}.Debug|x86.ActiveCfg = Debug|Win32
		{381C0CD1-7EF8-4624-A2EC-2F0DE3390BD5}.Debug|x86.Build.0 = Debug|Win32
		{381C0CD1-7EF8-4624-A2EC-2F0DE3390BD5}.Release|x64.ActiveCfg = Release|x64
		{381C0CD1-7EF8-4624-A2EC-2F0DE3390BD5}.Release|x64.Build.0 = Release|x64
		{381C0CD1-7EF8-4624-A2EC-2F0DE3390BD5}.Release|x86.ActiveCfg = Release|Win32
		{381C0CD1-7EF8-4624-A2EC-2F0DE3390BD5}.Release|x86.Build.0 = Release|Win32
	EndGlobalSection
	GlobalSection(SolutionProperties) = preSolution
		HideSolutionNode = FALSE
	EndGlobalSection
	GlobalSection(ExtensibilityGlobals) = postSolution
		SolutionGuid = {3CB5B8E5-C825-4E53-AE27-E4118CC0A029}
	EndGlobalSection
EndGlobal
